
Microsoft Visual Studio Solution File, Format Version 12.00
# Visual Studio Version 17
VisualStudioVersion = 17.9.34728.123
MinimumVisualStudioVersion = 10.0.40219.1
Project("{FAE04EC0-301F-11D3-BF4B-00C04F79EFBC}") = "RedMango_API", "RedMango_API\RedMango_API.csproj", "{3B4C3762-A421-477E-8CE4-C59F4DFD72D8}"
EndProject
Global
	GlobalSection(SolutionConfigurationPlatforms) = preSolution
		Debug|Any CPU = Debug|Any CPU
		Release|Any CPU = Release|Any CPU
	EndGlobalSection
	GlobalSection(ProjectConfigurationPlatforms) = postSolution
		{3B4C3762-A421-477E-8CE4-C59F4DFD72D8}.Debug|Any CPU.ActiveCfg = Debug|Any CPU
		{3B4C3762-A421-477E-8CE4-C59F4DFD72D8}.Debug|Any CPU.Build.0 = Debug|Any CPU
		{3B4C3762-A421-477E-8CE4-C59F4DFD72D8}.Release|Any CPU.ActiveCfg = Release|Any CPU
		{3B4C3762-A421-477E-8CE4-C59F4DFD72D8}.Release|Any CPU.Build.0 = Release|Any CPU
	EndGlobalSection
	GlobalSection(SolutionProperties) = preSolution
		HideSolutionNode = FALSE
	EndGlobalSection
	GlobalSection(ExtensibilityGlobals) = postSolution
		SolutionGuid = {C58F5C24-F38F-4B7A-AA99-97F45A22A430}
	EndGlobalSection
EndGlobal
